
Microsoft Visual Studio Solution File, Format Version 12.00
# Visual Studio Version 16
VisualStudioVersion = 16.0.29418.71
MinimumVisualStudioVersion = 10.0.40219.1
Project("{FAE04EC0-301F-11D3-BF4B-00C04F79EFBC}") = "ItemApp", "ItemApp\ItemApp.csproj", "{1576D83F-401C-4028-97DA-F37360F8BF2F}"
EndProject
Project("{FAE04EC0-301F-11D3-BF4B-00C04F79EFBC}") = "ItemAppTests.Tests", "ItemAppTests.Tests\ItemAppTests.Tests.csproj", "{EA68BB46-63F9-4483-A449-FB29ED965478}"
EndProject
Global
	GlobalSection(SolutionConfigurationPlatforms) = preSolution
		Debug|Any CPU = Debug|Any CPU
		Release|Any CPU = Release|Any CPU
	EndGlobalSection
	GlobalSection(ProjectConfigurationPlatforms) = postSolution
		{1576D83F-401C-4028-97DA-F37360F8BF2F}.Debug|Any CPU.ActiveCfg = Debug|Any CPU
		{1576D83F-401C-4028-97DA-F37360F8BF2F}.Debug|Any CPU.Build.0 = Debug|Any CPU
		{1576D83F-401C-4028-97DA-F37360F8BF2F}.Release|Any CPU.ActiveCfg = Release|Any CPU
		{1576D83F-401C-4028-97DA-F37360F8BF2F}.Release|Any CPU.Build.0 = Release|Any CPU
		{EA68BB46-63F9-4483-A449-FB29ED965478}.Debug|Any CPU.ActiveCfg = Debug|Any CPU
		{EA68BB46-63F9-4483-A449-FB29ED965478}.Debug|Any CPU.Build.0 = Debug|Any CPU
		{EA68BB46-63F9-4483-A449-FB29ED965478}.Release|Any CPU.ActiveCfg = Release|Any CPU
		{EA68BB46-63F9-4483-A449-FB29ED965478}.Release|Any CPU.Build.0 = Release|Any CPU
	EndGlobalSection
	GlobalSection(SolutionProperties) = preSolution
		HideSolutionNode = FALSE
	EndGlobalSection
	GlobalSection(ExtensibilityGlobals) = postSolution
		SolutionGuid = {4943EAAD-67B6-4C2D-A231-AD049E234C7E}
	EndGlobalSection
EndGlobal
